<?xml version="1.0" encoding="utf-8"?>
<Project ToolsVersion="4.0" xmlns="http://schemas.microsoft.com/developer/msbuild/2003">
  <ItemGroup>
    <Filter Include="Resource Files">
      <UniqueIdentifier>{67DA6AB6-F800-4c08-8B7A-83BB121AAD01}</UniqueIdentifier>
      <Extensions>rc;ico;cur;bmp;dlg;rc2;rct;bin;rgs;gif;jpg;jpeg;jpe;resx;tiff;tif;png;wav;mfcribbon-ms</Extensions>
    </Filter>
    <Filter Include="Editor">
      <UniqueIdentifier>{56f122c5-a577-4b0e-953d-3ce21522d2e4}</UniqueIdentifier>
    </Filter>
    <Filter Include="Editor\Builders">
      <UniqueIdentifier>{b69a9129-c179-43a6-9599-a665867d71a6}</UniqueIdentifier>
    </Filter>
  </ItemGroup>
  <ItemGroup>
    <ClCompile Include="main.cpp">
      <Filter>Editor</Filter>
    </ClCompile>
    <ClCompile Include="Builders\ProjectBuilder.cpp">
      <Filter>Editor\Builders</Filter>
    </ClCompile>
  </ItemGroup>
  <ItemGroup>
    <ClInclude Include="Builders\ProjectBuilder.h">
      <Filter>Editor\Builders</Filter>
    </ClInclude>
  </ItemGroup>
</Project>